// !$*UTF8*$!
{
	archiveVersion = 1;
	classes = {
	};
	objectVersion = 46;
	objects = {

/* Begin PBXBuildFile section */
		E465EDAC1CE762E600D2776D /* AppDelegate.swift in Sources */ = {isa = PBXBuildFile; fileRef = E465EDAB1CE762E600D2776D /* AppDelegate.swift */; };
		E465EDAE1CE762E600D2776D /* ViewController.swift in Sources */ = {isa = PBXBuildFile; fileRef = E465EDAD1CE762E600D2776D /* ViewController.swift */; };
		E465EDB11CE762E600D2776D /* Main.storyboard in Resources */ = {isa = PBXBuildFile; fileRef = E465EDAF1CE762E600D2776D /* Main.storyboard */; };
		E465EDB31CE762E600D2776D /* Assets.xcassets in Resources */ = {isa = PBXBuildFile; fileRef = E465EDB21CE762E600D2776D /* Assets.xcassets */; };
		E465EDB61CE762E600D2776D /* LaunchScreen.storyboard in Resources */ = {isa = PBXBuildFile; fileRef = E465EDB41CE762E600D2776D /* LaunchScreen.storyboard */; };
		E465EDC11CE762E600D2776D /* SimpleSequencesTests.swift in Sources */ = {isa = PBXBuildFile; fileRef = E465EDC01CE762E600D2776D /* SimpleSequencesTests.swift */; };
		E465EDCC1CE762E600D2776D /* SimpleSequencesUITests.swift in Sources */ = {isa = PBXBuildFile; fileRef = E465EDCB1CE762E600D2776D /* SimpleSequencesUITests.swift */; };
		E465EDDB1CE762FC00D2776D /* AudioKit.framework in Frameworks */ = {isa = PBXBuildFile; fileRef = E465EDD91CE762F700D2776D /* AudioKit.framework */; };
		E465EDDC1CE762FC00D2776D /* AudioKit.framework in Embed Frameworks */ = {isa = PBXBuildFile; fileRef = E465EDD91CE762F700D2776D /* AudioKit.framework */; settings = {ATTRIBUTES = (CodeSignOnCopy, RemoveHeadersOnCopy, ); }; };
		E4E65B281CEF3386006DE478 /* SequencerInstrument.swift in Sources */ = {isa = PBXBuildFile; fileRef = E4E65B271CEF3386006DE478 /* SequencerInstrument.swift */; };
		E4E65B2B1CEF3431006DE478 /* fmpia1.wav in Resources */ = {isa = PBXBuildFile; fileRef = E4E65B2A1CEF3431006DE478 /* fmpia1.wav */; };
		E4E65B2D1CEF343C006DE478 /* 4tracks.mid in Resources */ = {isa = PBXBuildFile; fileRef = E4E65B2C1CEF343C006DE478 /* 4tracks.mid */; };
/* End PBXBuildFile section */

/* Begin PBXContainerItemProxy section */
		E465EDBD1CE762E600D2776D /* PBXContainerItemProxy */ = {
			isa = PBXContainerItemProxy;
			containerPortal = E465EDA01CE762E600D2776D /* Project object */;
			proxyType = 1;
			remoteGlobalIDString = E465EDA71CE762E600D2776D;
			remoteInfo = SimpleSequences;
		};
		E465EDC81CE762E600D2776D /* PBXContainerItemProxy */ = {
			isa = PBXContainerItemProxy;
			containerPortal = E465EDA01CE762E600D2776D /* Project object */;
			proxyType = 1;
			remoteGlobalIDString = E465EDA71CE762E600D2776D;
			remoteInfo = SimpleSequences;
		};
/* End PBXContainerItemProxy section */

/* Begin PBXCopyFilesBuildPhase section */
		E465EDDD1CE762FC00D2776D /* Embed Frameworks */ = {
			isa = PBXCopyFilesBuildPhase;
			buildActionMask = 2147483647;
			dstPath = "";
			dstSubfolderSpec = 10;
			files = (
				E465EDDC1CE762FC00D2776D /* AudioKit.framework in Embed Frameworks */,
			);
			name = "Embed Frameworks";
			runOnlyForDeploymentPostprocessing = 0;
		};
/* End PBXCopyFilesBuildPhase section */

/* Begin PBXFileReference section */
		E465EDA81CE762E600D2776D /* SimpleSequences.app */ = {isa = PBXFileReference; explicitFileType = wrapper.application; includeInIndex = 0; path = SimpleSequences.app; sourceTree = BUILT_PRODUCTS_DIR; };
		E465EDAB1CE762E600D2776D /* AppDelegate.swift */ = {isa = PBXFileReference; lastKnownFileType = sourcecode.swift; path = AppDelegate.swift; sourceTree = "<group>"; };
		E465EDAD1CE762E600D2776D /* ViewController.swift */ = {isa = PBXFileReference; lastKnownFileType = sourcecode.swift; path = ViewController.swift; sourceTree = "<group>"; };
		E465EDB01CE762E600D2776D /* Base */ = {isa = PBXFileReference; lastKnownFileType = file.storyboard; name = Base; path = Base.lproj/Main.storyboard; sourceTree = "<group>"; };
		E465EDB21CE762E600D2776D /* Assets.xcassets */ = {isa = PBXFileReference; lastKnownFileType = folder.assetcatalog; path = Assets.xcassets; sourceTree = "<group>"; };
		E465EDB51CE762E600D2776D /* Base */ = {isa = PBXFileReference; lastKnownFileType = file.storyboard; name = Base; path = Base.lproj/LaunchScreen.storyboard; sourceTree = "<group>"; };
		E465EDB71CE762E600D2776D /* Info.plist */ = {isa = PBXFileReference; lastKnownFileType = text.plist.xml; path = Info.plist; sourceTree = "<group>"; };
		E465EDBC1CE762E600D2776D /* SimpleSequencesTests.xctest */ = {isa = PBXFileReference; explicitFileType = wrapper.cfbundle; includeInIndex = 0; path = SimpleSequencesTests.xctest; sourceTree = BUILT_PRODUCTS_DIR; };
		E465EDC01CE762E600D2776D /* SimpleSequencesTests.swift */ = {isa = PBXFileReference; lastKnownFileType = sourcecode.swift; path = SimpleSequencesTests.swift; sourceTree = "<group>"; };
		E465EDC21CE762E600D2776D /* Info.plist */ = {isa = PBXFileReference; lastKnownFileType = text.plist.xml; path = Info.plist; sourceTree = "<group>"; };
		E465EDC71CE762E600D2776D /* SimpleSequencesUITests.xctest */ = {isa = PBXFileReference; explicitFileType = wrapper.cfbundle; includeInIndex = 0; path = SimpleSequencesUITests.xctest; sourceTree = BUILT_PRODUCTS_DIR; };
		E465EDCB1CE762E600D2776D /* SimpleSequencesUITests.swift */ = {isa = PBXFileReference; lastKnownFileType = sourcecode.swift; path = SimpleSequencesUITests.swift; sourceTree = "<group>"; };
		E465EDCD1CE762E600D2776D /* Info.plist */ = {isa = PBXFileReference; lastKnownFileType = text.plist.xml; path = Info.plist; sourceTree = "<group>"; };
		E465EDD91CE762F700D2776D /* AudioKit.framework */ = {isa = PBXFileReference; lastKnownFileType = wrapper.framework; path = AudioKit.framework; sourceTree = "<group>"; };
		E4E65B271CEF3386006DE478 /* SequencerInstrument.swift */ = {isa = PBXFileReference; fileEncoding = 4; lastKnownFileType = sourcecode.swift; path = SequencerInstrument.swift; sourceTree = "<group>"; };
		E4E65B291CEF3428006DE478 /* sawPiano1.exs */ = {isa = PBXFileReference; lastKnownFileType = file; path = sawPiano1.exs; sourceTree = "<group>"; };
		E4E65B2A1CEF3431006DE478 /* fmpia1.wav */ = {isa = PBXFileReference; lastKnownFileType = audio.wav; path = fmpia1.wav; sourceTree = "<group>"; };
		E4E65B2C1CEF343C006DE478 /* 4tracks.mid */ = {isa = PBXFileReference; lastKnownFileType = audio.midi; path = 4tracks.mid; sourceTree = "<group>"; };
/* End PBXFileReference section */

/* Begin PBXFrameworksBuildPhase section */
		E465EDA51CE762E600D2776D /* Frameworks */ = {
			isa = PBXFrameworksBuildPhase;
			buildActionMask = 2147483647;
			files = (
				E465EDDB1CE762FC00D2776D /* AudioKit.framework in Frameworks */,
			);
			runOnlyForDeploymentPostprocessing = 0;
		};
		E465EDB91CE762E600D2776D /* Frameworks */ = {
			isa = PBXFrameworksBuildPhase;
			buildActionMask = 2147483647;
			files = (
			);
			runOnlyForDeploymentPostprocessing = 0;
		};
		E465EDC41CE762E600D2776D /* Frameworks */ = {
			isa = PBXFrameworksBuildPhase;
			buildActionMask = 2147483647;
			files = (
			);
			runOnlyForDeploymentPostprocessing = 0;
		};
/* End PBXFrameworksBuildPhase section */

/* Begin PBXGroup section */
		E465ED9F1CE762E600D2776D = {
			isa = PBXGroup;
			children = (
				E465EDAA1CE762E600D2776D /* SimpleSequences */,
				E465EDBF1CE762E600D2776D /* SimpleSequencesTests */,
				E465EDCA1CE762E600D2776D /* SimpleSequencesUITests */,
				E465EDA91CE762E600D2776D /* Products */,
				E465EDD91CE762F700D2776D /* AudioKit.framework */,
			);
			sourceTree = "<group>";
		};
		E465EDA91CE762E600D2776D /* Products */ = {
			isa = PBXGroup;
			children = (
				E465EDA81CE762E600D2776D /* SimpleSequences.app */,
				E465EDBC1CE762E600D2776D /* SimpleSequencesTests.xctest */,
				E465EDC71CE762E600D2776D /* SimpleSequencesUITests.xctest */,
			);
			name = Products;
			sourceTree = "<group>";
		};
		E465EDAA1CE762E600D2776D /* SimpleSequences */ = {
			isa = PBXGroup;
			children = (
				E465EDAB1CE762E600D2776D /* AppDelegate.swift */,
				E465EDAD1CE762E600D2776D /* ViewController.swift */,
				E4E65B271CEF3386006DE478 /* SequencerInstrument.swift */,
				E465EDAF1CE762E600D2776D /* Main.storyboard */,
				E465EDB21CE762E600D2776D /* Assets.xcassets */,
				E465EDB41CE762E600D2776D /* LaunchScreen.storyboard */,
				E465EDB71CE762E600D2776D /* Info.plist */,
				E4E65B291CEF3428006DE478 /* sawPiano1.exs */,
				E4E65B2A1CEF3431006DE478 /* fmpia1.wav */,
				E4E65B2C1CEF343C006DE478 /* 4tracks.mid */,
			);
			path = SimpleSequences;
			sourceTree = "<group>";
		};
		E465EDBF1CE762E600D2776D /* SimpleSequencesTests */ = {
			isa = PBXGroup;
			children = (
				E465EDC01CE762E600D2776D /* SimpleSequencesTests.swift */,
				E465EDC21CE762E600D2776D /* Info.plist */,
			);
			path = SimpleSequencesTests;
			sourceTree = "<group>";
		};
		E465EDCA1CE762E600D2776D /* SimpleSequencesUITests */ = {
			isa = PBXGroup;
			children = (
				E465EDCB1CE762E600D2776D /* SimpleSequencesUITests.swift */,
				E465EDCD1CE762E600D2776D /* Info.plist */,
			);
			path = SimpleSequencesUITests;
			sourceTree = "<group>";
		};
/* End PBXGroup section */

/* Begin PBXNativeTarget section */
		E465EDA71CE762E600D2776D /* SimpleSequences */ = {
			isa = PBXNativeTarget;
			buildConfigurationList = E465EDD01CE762E600D2776D /* Build configuration list for PBXNativeTarget "SimpleSequences" */;
			buildPhases = (
				E465EDA41CE762E600D2776D /* Sources */,
				E465EDA51CE762E600D2776D /* Frameworks */,
				E465EDA61CE762E600D2776D /* Resources */,
				E465EDDD1CE762FC00D2776D /* Embed Frameworks */,
			);
			buildRules = (
			);
			dependencies = (
			);
			name = SimpleSequences;
			productName = SimpleSequences;
			productReference = E465EDA81CE762E600D2776D /* SimpleSequences.app */;
			productType = "com.apple.product-type.application";
		};
		E465EDBB1CE762E600D2776D /* SimpleSequencesTests */ = {
			isa = PBXNativeTarget;
			buildConfigurationList = E465EDD31CE762E600D2776D /* Build configuration list for PBXNativeTarget "SimpleSequencesTests" */;
			buildPhases = (
				E465EDB81CE762E600D2776D /* Sources */,
				E465EDB91CE762E600D2776D /* Frameworks */,
				E465EDBA1CE762E600D2776D /* Resources */,
			);
			buildRules = (
			);
			dependencies = (
				E465EDBE1CE762E600D2776D /* PBXTargetDependency */,
			);
			name = SimpleSequencesTests;
			productName = SimpleSequencesTests;
			productReference = E465EDBC1CE762E600D2776D /* SimpleSequencesTests.xctest */;
			productType = "com.apple.product-type.bundle.unit-test";
		};
		E465EDC61CE762E600D2776D /* SimpleSequencesUITests */ = {
			isa = PBXNativeTarget;
			buildConfigurationList = E465EDD61CE762E600D2776D /* Build configuration list for PBXNativeTarget "SimpleSequencesUITests" */;
			buildPhases = (
				E465EDC31CE762E600D2776D /* Sources */,
				E465EDC41CE762E600D2776D /* Frameworks */,
				E465EDC51CE762E600D2776D /* Resources */,
			);
			buildRules = (
			);
			dependencies = (
				E465EDC91CE762E600D2776D /* PBXTargetDependency */,
			);
			name = SimpleSequencesUITests;
			productName = SimpleSequencesUITests;
			productReference = E465EDC71CE762E600D2776D /* SimpleSequencesUITests.xctest */;
			productType = "com.apple.product-type.bundle.ui-testing";
		};
/* End PBXNativeTarget section */

/* Begin PBXProject section */
		E465EDA01CE762E600D2776D /* Project object */ = {
			isa = PBXProject;
			attributes = {
				LastSwiftUpdateCheck = 0730;
				LastUpgradeCheck = 0730;
				ORGANIZATIONNAME = "Nicholas Arner";
				TargetAttributes = {
					E465EDA71CE762E600D2776D = {
						CreatedOnToolsVersion = 7.3;
					};
					E465EDBB1CE762E600D2776D = {
						CreatedOnToolsVersion = 7.3;
						TestTargetID = E465EDA71CE762E600D2776D;
					};
					E465EDC61CE762E600D2776D = {
						CreatedOnToolsVersion = 7.3;
						TestTargetID = E465EDA71CE762E600D2776D;
					};
				};
			};
			buildConfigurationList = E465EDA31CE762E600D2776D /* Build configuration list for PBXProject "SimpleSequences" */;
			compatibilityVersion = "Xcode 3.2";
			developmentRegion = English;
			hasScannedForEncodings = 0;
			knownRegions = (
				en,
				Base,
			);
			mainGroup = E465ED9F1CE762E600D2776D;
			productRefGroup = E465EDA91CE762E600D2776D /* Products */;
			projectDirPath = "";
			projectRoot = "";
			targets = (
				E465EDA71CE762E600D2776D /* SimpleSequences */,
				E465EDBB1CE762E600D2776D /* SimpleSequencesTests */,
				E465EDC61CE762E600D2776D /* SimpleSequencesUITests */,
			);
		};
/* End PBXProject section */

/* Begin PBXResourcesBuildPhase section */
		E465EDA61CE762E600D2776D /* Resources */ = {
			isa = PBXResourcesBuildPhase;
			buildActionMask = 2147483647;
			files = (
				E4E65B2B1CEF3431006DE478 /* fmpia1.wav in Resources */,
				E4E65B2D1CEF343C006DE478 /* 4tracks.mid in Resources */,
				E465EDB61CE762E600D2776D /* LaunchScreen.storyboard in Resources */,
				E465EDB31CE762E600D2776D /* Assets.xcassets in Resources */,
				E465EDB11CE762E600D2776D /* Main.storyboard in Resources */,
			);
			runOnlyForDeploymentPostprocessing = 0;
		};
		E465EDBA1CE762E600D2776D /* Resources */ = {
			isa = PBXResourcesBuildPhase;
			buildActionMask = 2147483647;
			files = (
			);
			runOnlyForDeploymentPostprocessing = 0;
		};
		E465EDC51CE762E600D2776D /* Resources */ = {
			isa = PBXResourcesBuildPhase;
			buildActionMask = 2147483647;
			files = (
			);
			runOnlyForDeploymentPostprocessing = 0;
		};
/* End PBXResourcesBuildPhase section */

/* Begin PBXSourcesBuildPhase section */
		E465EDA41CE762E600D2776D /* Sources */ = {
			isa = PBXSourcesBuildPhase;
			buildActionMask = 2147483647;
			files = (
				E465EDAE1CE762E600D2776D /* ViewController.swift in Sources */,
				E465EDAC1CE762E600D2776D /* AppDelegate.swift in Sources */,
				E4E65B281CEF3386006DE478 /* SequencerInstrument.swift in Sources */,
			);
			runOnlyForDeploymentPostprocessing = 0;
		};
		E465EDB81CE762E600D2776D /* Sources */ = {
			isa = PBXSourcesBuildPhase;
			buildActionMask = 2147483647;
			files = (
				E465EDC11CE762E600D2776D /* SimpleSequencesTests.swift in Sources */,
			);
			runOnlyForDeploymentPostprocessing = 0;
		};
		E465EDC31CE762E600D2776D /* Sources */ = {
			isa = PBXSourcesBuildPhase;
			buildActionMask = 2147483647;
			files = (
				E465EDCC1CE762E600D2776D /* SimpleSequencesUITests.swift in Sources */,
			);
			runOnlyForDeploymentPostprocessing = 0;
		};
/* End PBXSourcesBuildPhase section */

/* Begin PBXTargetDependency section */
		E465EDBE1CE762E600D2776D /* PBXTargetDependency */ = {
			isa = PBXTargetDependency;
			target = E465EDA71CE762E600D2776D /* SimpleSequences */;
			targetProxy = E465EDBD1CE762E600D2776D /* PBXContainerItemProxy */;
		};
		E465EDC91CE762E600D2776D /* PBXTargetDependency */ = {
			isa = PBXTargetDependency;
			target = E465EDA71CE762E600D2776D /* SimpleSequences */;
			targetProxy = E465EDC81CE762E600D2776D /* PBXContainerItemProxy */;
		};
/* End PBXTargetDependency section */

/* Begin PBXVariantGroup section */
		E465EDAF1CE762E600D2776D /* Main.storyboard */ = {
			isa = PBXVariantGroup;
			children = (
				E465EDB01CE762E600D2776D /* Base */,
			);
			name = Main.storyboard;
			sourceTree = "<group>";
		};
		E465EDB41CE762E600D2776D /* LaunchScreen.storyboard */ = {
			isa = PBXVariantGroup;
			children = (
				E465EDB51CE762E600D2776D /* Base */,
			);
			name = LaunchScreen.storyboard;
			sourceTree = "<group>";
		};
/* End PBXVariantGroup section */

/* Begin XCBuildConfiguration section */
		E465EDCE1CE762E600D2776D /* Debug */ = {
			isa = XCBuildConfiguration;
			buildSettings = {
				ALWAYS_SEARCH_USER_PATHS = NO;
				CLANG_ANALYZER_NONNULL = YES;
				CLANG_CXX_LANGUAGE_STANDARD = "gnu++0x";
				CLANG_CXX_LIBRARY = "libc++";
				CLANG_ENABLE_MODULES = YES;
				CLANG_ENABLE_OBJC_ARC = YES;
				CLANG_WARN_BOOL_CONVERSION = YES;
				CLANG_WARN_CONSTANT_CONVERSION = YES;
				CLANG_WARN_DIRECT_OBJC_ISA_USAGE = YES_ERROR;
				CLANG_WARN_EMPTY_BODY = YES;
				CLANG_WARN_ENUM_CONVERSION = YES;
				CLANG_WARN_INT_CONVERSION = YES;
				CLANG_WARN_OBJC_ROOT_CLASS = YES_ERROR;
				CLANG_WARN_UNREACHABLE_CODE = YES;
				CLANG_WARN__DUPLICATE_METHOD_MATCH = YES;
				"CODE_SIGN_IDENTITY[sdk=iphoneos*]" = "iPhone Developer";
				COPY_PHASE_STRIP = NO;
				DEBUG_INFORMATION_FORMAT = dwarf;
				ENABLE_STRICT_OBJC_MSGSEND = YES;
				ENABLE_TESTABILITY = YES;
				GCC_C_LANGUAGE_STANDARD = gnu99;
				GCC_DYNAMIC_NO_PIC = NO;
				GCC_NO_COMMON_BLOCKS = YES;
				GCC_OPTIMIZATION_LEVEL = 0;
				GCC_PREPROCESSOR_DEFINITIONS = (
					"DEBUG=1",
					"$(inherited)",
				);
				GCC_WARN_64_TO_32_BIT_CONVERSION = YES;
				GCC_WARN_ABOUT_RETURN_TYPE = YES_ERROR;
				GCC_WARN_UNDECLARED_SELECTOR = YES;
				GCC_WARN_UNINITIALIZED_AUTOS = YES_AGGRESSIVE;
				GCC_WARN_UNUSED_FUNCTION = YES;
				GCC_WARN_UNUSED_VARIABLE = YES;
				IPHONEOS_DEPLOYMENT_TARGET = 9.3;
				MTL_ENABLE_DEBUG_INFO = YES;
				ONLY_ACTIVE_ARCH = YES;
				SDKROOT = iphoneos;
				SWIFT_OPTIMIZATION_LEVEL = "-Onone";
				TARGETED_DEVICE_FAMILY = "1,2";
			};
			name = Debug;
		};
		E465EDCF1CE762E600D2776D /* Release */ = {
			isa = XCBuildConfiguration;
			buildSettings = {
				ALWAYS_SEARCH_USER_PATHS = NO;
				CLANG_ANALYZER_NONNULL = YES;
				CLANG_CXX_LANGUAGE_STANDARD = "gnu++0x";
				CLANG_CXX_LIBRARY = "libc++";
				CLANG_ENABLE_MODULES = YES;
				CLANG_ENABLE_OBJC_ARC = YES;
				CLANG_WARN_BOOL_CONVERSION = YES;
				CLANG_WARN_CONSTANT_CONVERSION = YES;
				CLANG_WARN_DIRECT_OBJC_ISA_USAGE = YES_ERROR;
				CLANG_WARN_EMPTY_BODY = YES;
				CLANG_WARN_ENUM_CONVERSION = YES;
				CLANG_WARN_INT_CONVERSION = YES;
				CLANG_WARN_OBJC_ROOT_CLASS = YES_ERROR;
				CLANG_WARN_UNREACHABLE_CODE = YES;
				CLANG_WARN__DUPLICATE_METHOD_MATCH = YES;
				"CODE_SIGN_IDENTITY[sdk=iphoneos*]" = "iPhone Developer";
				COPY_PHASE_STRIP = NO;
				DEBUG_INFORMATION_FORMAT = "dwarf-with-dsym";
				ENABLE_NS_ASSERTIONS = NO;
				ENABLE_STRICT_OBJC_MSGSEND = YES;
				GCC_C_LANGUAGE_STANDARD = gnu99;
				GCC_NO_COMMON_BLOCKS = YES;
				GCC_WARN_64_TO_32_BIT_CONVERSION = YES;
				GCC_WARN_ABOUT_RETURN_TYPE = YES_ERROR;
				GCC_WARN_UNDECLARED_SELECTOR = YES;
				GCC_WARN_UNINITIALIZED_AUTOS = YES_AGGRESSIVE;
				GCC_WARN_UNUSED_FUNCTION = YES;
				GCC_WARN_UNUSED_VARIABLE = YES;
				IPHONEOS_DEPLOYMENT_TARGET = 9.3;
				MTL_ENABLE_DEBUG_INFO = NO;
				SDKROOT = iphoneos;
				TARGETED_DEVICE_FAMILY = "1,2";
				VALIDATE_PRODUCT = YES;
			};
			name = Release;
		};
		E465EDD11CE762E600D2776D /* Debug */ = {
			isa = XCBuildConfiguration;
			buildSettings = {
				ASSETCATALOG_COMPILER_APPICON_NAME = AppIcon;
				FRAMEWORK_SEARCH_PATHS = (
					"$(inherited)",
					"$(PROJECT_DIR)",
				);
				INFOPLIST_FILE = SimpleSequences/Info.plist;
				LD_RUNPATH_SEARCH_PATHS = "$(inherited) @executable_path/Frameworks";
				PRODUCT_BUNDLE_IDENTIFIER = nfa.SimpleSequences;
				PRODUCT_NAME = "$(TARGET_NAME)";
			};
			name = Debug;
		};
		E465EDD21CE762E600D2776D /* Release */ = {
			isa = XCBuildConfiguration;
			buildSettings = {
				ASSETCATALOG_COMPILER_APPICON_NAME = AppIcon;
				FRAMEWORK_SEARCH_PATHS = (
					"$(inherited)",
					"$(PROJECT_DIR)",
				);
				INFOPLIST_FILE = SimpleSequences/Info.plist;
				LD_RUNPATH_SEARCH_PATHS = "$(inherited) @executable_path/Frameworks";
				PRODUCT_BUNDLE_IDENTIFIER = nfa.SimpleSequences;
				PRODUCT_NAME = "$(TARGET_NAME)";
			};
			name = Release;
		};
		E465EDD41CE762E600D2776D /* Debug */ = {
			isa = XCBuildConfiguration;
			buildSettings = {
				BUNDLE_LOADER = "$(TEST_HOST)";
				INFOPLIST_FILE = SimpleSequencesTests/Info.plist;
				LD_RUNPATH_SEARCH_PATHS = "$(inherited) @executable_path/Frameworks @loader_path/Frameworks";
				PRODUCT_BUNDLE_IDENTIFIER = nfa.SimpleSequencesTests;
				PRODUCT_NAME = "$(TARGET_NAME)";
				TEST_HOST = "$(BUILT_PRODUCTS_DIR)/SimpleSequences.app/SimpleSequences";
			};
			name = Debug;
		};
		E465EDD51CE762E600D2776D /* Release */ = {
			isa = XCBuildConfiguration;
			buildSettings = {
				BUNDLE_LOADER = "$(TEST_HOST)";
				INFOPLIST_FILE = SimpleSequencesTests/Info.plist;
				LD_RUNPATH_SEARCH_PATHS = "$(inherited) @executable_path/Frameworks @loader_path/Frameworks";
				PRODUCT_BUNDLE_IDENTIFIER = nfa.SimpleSequencesTests;
				PRODUCT_NAME = "$(TARGET_NAME)";
				TEST_HOST = "$(BUILT_PRODUCTS_DIR)/SimpleSequences.app/SimpleSequences";
			};
			name = Release;
		};
		E465EDD71CE762E600D2776D /* Debug */ = {
			isa = XCBuildConfiguration;
			buildSettings = {
				INFOPLIST_FILE = SimpleSequencesUITests/Info.plist;
				LD_RUNPATH_SEARCH_PATHS = "$(inherited) @executable_path/Frameworks @loader_path/Frameworks";
				PRODUCT_BUNDLE_IDENTIFIER = nfa.SimpleSequencesUITests;
				PRODUCT_NAME = "$(TARGET_NAME)";
				TEST_TARGET_NAME = SimpleSequences;
			};
			name = Debug;
		};
		E465EDD81CE762E600D2776D /* Release */ = {
			isa = XCBuildConfiguration;
			buildSettings = {
				INFOPLIST_FILE = SimpleSequencesUITests/Info.plist;
				LD_RUNPATH_SEARCH_PATHS = "$(inherited) @executable_path/Frameworks @loader_path/Frameworks";
				PRODUCT_BUNDLE_IDENTIFIER = nfa.SimpleSequencesUITests;
				PRODUCT_NAME = "$(TARGET_NAME)";
				TEST_TARGET_NAME = SimpleSequences;
			};
			name = Release;
		};
/* End XCBuildConfiguration section */

/* Begin XCConfigurationList section */
		E465EDA31CE762E600D2776D /* Build configuration list for PBXProject "SimpleSequences" */ = {
			isa = XCConfigurationList;
			buildConfigurations = (
				E465EDCE1CE762E600D2776D /* Debug */,
				E465EDCF1CE762E600D2776D /* Release */,
			);
			defaultConfigurationIsVisible = 0;
			defaultConfigurationName = Release;
		};
		E465EDD01CE762E600D2776D /* Build configuration list for PBXNativeTarget "SimpleSequences" */ = {
			isa = XCConfigurationList;
			buildConfigurations = (
				E465EDD11CE762E600D2776D /* Debug */,
				E465EDD21CE762E600D2776D /* Release */,
			);
			defaultConfigurationIsVisible = 0;
			defaultConfigurationName = Release;
		};
		E465EDD31CE762E600D2776D /* Build configuration list for PBXNativeTarget "SimpleSequencesTests" */ = {
			isa = XCConfigurationList;
			buildConfigurations = (
				E465EDD41CE762E600D2776D /* Debug */,
				E465EDD51CE762E600D2776D /* Release */,
			);
			defaultConfigurationIsVisible = 0;
			defaultConfigurationName = Release;
		};
		E465EDD61CE762E600D2776D /* Build configuration list for PBXNativeTarget "SimpleSequencesUITests" */ = {
			isa = XCConfigurationList;
			buildConfigurations = (
				E465EDD71CE762E600D2776D /* Debug */,
				E465EDD81CE762E600D2776D /* Release */,
			);
			defaultConfigurationIsVisible = 0;
			defaultConfigurationName = Release;
		};
/* End XCConfigurationList section */
	};
	rootObject = E465EDA01CE762E600D2776D /* Project object */;
}
