// !$*UTF8*$!
{
	archiveVersion = 1;
	classes = {
	};
	objectVersion = 46;
	objects = {

/* Begin PBXBuildFile section */
		E43C12001CD52D8E004E361A /* drumloop.wav in Resources */ = {isa = PBXBuildFile; fileRef = E43C11FF1CD52D8E004E361A /* drumloop.wav */; };
		E43C12061CD575B2004E361A /* ReverbAudioPlayer.swift in Sources */ = {isa = PBXBuildFile; fileRef = E43C12051CD575B2004E361A /* ReverbAudioPlayer.swift */; };
		E43CC7BE1CD52D10007C4D6A /* AppDelegate.swift in Sources */ = {isa = PBXBuildFile; fileRef = E43CC7BD1CD52D10007C4D6A /* AppDelegate.swift */; };
		E43CC7C01CD52D10007C4D6A /* ViewController.swift in Sources */ = {isa = PBXBuildFile; fileRef = E43CC7BF1CD52D10007C4D6A /* ViewController.swift */; };
		E43CC7C31CD52D10007C4D6A /* Main.storyboard in Resources */ = {isa = PBXBuildFile; fileRef = E43CC7C11CD52D10007C4D6A /* Main.storyboard */; };
		E43CC7C51CD52D10007C4D6A /* Assets.xcassets in Resources */ = {isa = PBXBuildFile; fileRef = E43CC7C41CD52D10007C4D6A /* Assets.xcassets */; };
		E43CC7C81CD52D10007C4D6A /* LaunchScreen.storyboard in Resources */ = {isa = PBXBuildFile; fileRef = E43CC7C61CD52D10007C4D6A /* LaunchScreen.storyboard */; };
		E43CC7D31CD52D11007C4D6A /* ReverbUITests.swift in Sources */ = {isa = PBXBuildFile; fileRef = E43CC7D21CD52D11007C4D6A /* ReverbUITests.swift */; };
		E43CC7DE1CD52D11007C4D6A /* ReverbUIUITests.swift in Sources */ = {isa = PBXBuildFile; fileRef = E43CC7DD1CD52D11007C4D6A /* ReverbUIUITests.swift */; };
		E47881C51CF7AD6600C0D2E2 /* AudioKit.framework in Frameworks */ = {isa = PBXBuildFile; fileRef = E47881C31CF7AD5000C0D2E2 /* AudioKit.framework */; };
		E47881C61CF7AD6600C0D2E2 /* AudioKit.framework in Embed Frameworks */ = {isa = PBXBuildFile; fileRef = E47881C31CF7AD5000C0D2E2 /* AudioKit.framework */; settings = {ATTRIBUTES = (CodeSignOnCopy, RemoveHeadersOnCopy, ); }; };
/* End PBXBuildFile section */

/* Begin PBXContainerItemProxy section */
		E43CC7CF1CD52D11007C4D6A /* PBXContainerItemProxy */ = {
			isa = PBXContainerItemProxy;
			containerPortal = E43CC7B21CD52D10007C4D6A /* Project object */;
			proxyType = 1;
			remoteGlobalIDString = E43CC7B91CD52D10007C4D6A;
			remoteInfo = ReverbUI;
		};
		E43CC7DA1CD52D11007C4D6A /* PBXContainerItemProxy */ = {
			isa = PBXContainerItemProxy;
			containerPortal = E43CC7B21CD52D10007C4D6A /* Project object */;
			proxyType = 1;
			remoteGlobalIDString = E43CC7B91CD52D10007C4D6A;
			remoteInfo = ReverbUI;
		};
/* End PBXContainerItemProxy section */

/* Begin PBXCopyFilesBuildPhase section */
		E43C11FE1CD52D4B004E361A /* Embed Frameworks */ = {
			isa = PBXCopyFilesBuildPhase;
			buildActionMask = 2147483647;
			dstPath = "";
			dstSubfolderSpec = 10;
			files = (
				E47881C61CF7AD6600C0D2E2 /* AudioKit.framework in Embed Frameworks */,
			);
			name = "Embed Frameworks";
			runOnlyForDeploymentPostprocessing = 0;
		};
/* End PBXCopyFilesBuildPhase section */

/* Begin PBXFileReference section */
		E43C11FF1CD52D8E004E361A /* drumloop.wav */ = {isa = PBXFileReference; lastKnownFileType = audio.wav; path = drumloop.wav; sourceTree = "<group>"; };
		E43C12051CD575B2004E361A /* ReverbAudioPlayer.swift */ = {isa = PBXFileReference; fileEncoding = 4; lastKnownFileType = sourcecode.swift; name = ReverbAudioPlayer.swift; path = ../ReverbAudioPlayer.swift; sourceTree = "<group>"; };
		E43CC7BA1CD52D10007C4D6A /* ReverbUI.app */ = {isa = PBXFileReference; explicitFileType = wrapper.application; includeInIndex = 0; path = ReverbUI.app; sourceTree = BUILT_PRODUCTS_DIR; };
		E43CC7BD1CD52D10007C4D6A /* AppDelegate.swift */ = {isa = PBXFileReference; lastKnownFileType = sourcecode.swift; path = AppDelegate.swift; sourceTree = "<group>"; };
		E43CC7BF1CD52D10007C4D6A /* ViewController.swift */ = {isa = PBXFileReference; lastKnownFileType = sourcecode.swift; path = ViewController.swift; sourceTree = "<group>"; };
		E43CC7C21CD52D10007C4D6A /* Base */ = {isa = PBXFileReference; lastKnownFileType = file.storyboard; name = Base; path = Base.lproj/Main.storyboard; sourceTree = "<group>"; };
		E43CC7C41CD52D10007C4D6A /* Assets.xcassets */ = {isa = PBXFileReference; lastKnownFileType = folder.assetcatalog; path = Assets.xcassets; sourceTree = "<group>"; };
		E43CC7C71CD52D10007C4D6A /* Base */ = {isa = PBXFileReference; lastKnownFileType = file.storyboard; name = Base; path = Base.lproj/LaunchScreen.storyboard; sourceTree = "<group>"; };
		E43CC7C91CD52D10007C4D6A /* Info.plist */ = {isa = PBXFileReference; lastKnownFileType = text.plist.xml; path = Info.plist; sourceTree = "<group>"; };
		E43CC7CE1CD52D11007C4D6A /* ReverbUITests.xctest */ = {isa = PBXFileReference; explicitFileType = wrapper.cfbundle; includeInIndex = 0; path = ReverbUITests.xctest; sourceTree = BUILT_PRODUCTS_DIR; };
		E43CC7D21CD52D11007C4D6A /* ReverbUITests.swift */ = {isa = PBXFileReference; lastKnownFileType = sourcecode.swift; path = ReverbUITests.swift; sourceTree = "<group>"; };
		E43CC7D41CD52D11007C4D6A /* Info.plist */ = {isa = PBXFileReference; lastKnownFileType = text.plist.xml; path = Info.plist; sourceTree = "<group>"; };
		E43CC7D91CD52D11007C4D6A /* ReverbUIUITests.xctest */ = {isa = PBXFileReference; explicitFileType = wrapper.cfbundle; includeInIndex = 0; path = ReverbUIUITests.xctest; sourceTree = BUILT_PRODUCTS_DIR; };
		E43CC7DD1CD52D11007C4D6A /* ReverbUIUITests.swift */ = {isa = PBXFileReference; lastKnownFileType = sourcecode.swift; path = ReverbUIUITests.swift; sourceTree = "<group>"; };
		E43CC7DF1CD52D11007C4D6A /* Info.plist */ = {isa = PBXFileReference; lastKnownFileType = text.plist.xml; path = Info.plist; sourceTree = "<group>"; };
		E47881C31CF7AD5000C0D2E2 /* AudioKit.framework */ = {isa = PBXFileReference; lastKnownFileType = wrapper.framework; path = AudioKit.framework; sourceTree = "<group>"; };
/* End PBXFileReference section */

/* Begin PBXFrameworksBuildPhase section */
		E43CC7B71CD52D10007C4D6A /* Frameworks */ = {
			isa = PBXFrameworksBuildPhase;
			buildActionMask = 2147483647;
			files = (
				E47881C51CF7AD6600C0D2E2 /* AudioKit.framework in Frameworks */,
			);
			runOnlyForDeploymentPostprocessing = 0;
		};
		E43CC7CB1CD52D11007C4D6A /* Frameworks */ = {
			isa = PBXFrameworksBuildPhase;
			buildActionMask = 2147483647;
			files = (
			);
			runOnlyForDeploymentPostprocessing = 0;
		};
		E43CC7D61CD52D11007C4D6A /* Frameworks */ = {
			isa = PBXFrameworksBuildPhase;
			buildActionMask = 2147483647;
			files = (
			);
			runOnlyForDeploymentPostprocessing = 0;
		};
/* End PBXFrameworksBuildPhase section */

/* Begin PBXGroup section */
		E43CC7B11CD52D10007C4D6A = {
			isa = PBXGroup;
			children = (
				E47881C31CF7AD5000C0D2E2 /* AudioKit.framework */,
				E43CC7BC1CD52D10007C4D6A /* ReverbUI */,
				E43CC7D11CD52D11007C4D6A /* ReverbUITests */,
				E43CC7DC1CD52D11007C4D6A /* ReverbUIUITests */,
				E43CC7BB1CD52D10007C4D6A /* Products */,
			);
			sourceTree = "<group>";
		};
		E43CC7BB1CD52D10007C4D6A /* Products */ = {
			isa = PBXGroup;
			children = (
				E43CC7BA1CD52D10007C4D6A /* ReverbUI.app */,
				E43CC7CE1CD52D11007C4D6A /* ReverbUITests.xctest */,
				E43CC7D91CD52D11007C4D6A /* ReverbUIUITests.xctest */,
			);
			name = Products;
			sourceTree = "<group>";
		};
		E43CC7BC1CD52D10007C4D6A /* ReverbUI */ = {
			isa = PBXGroup;
			children = (
				E43CC7BD1CD52D10007C4D6A /* AppDelegate.swift */,
				E43CC7BF1CD52D10007C4D6A /* ViewController.swift */,
				E43C12051CD575B2004E361A /* ReverbAudioPlayer.swift */,
				E43CC7C11CD52D10007C4D6A /* Main.storyboard */,
				E43CC7C41CD52D10007C4D6A /* Assets.xcassets */,
				E43CC7C61CD52D10007C4D6A /* LaunchScreen.storyboard */,
				E43CC7C91CD52D10007C4D6A /* Info.plist */,
				E43C11FF1CD52D8E004E361A /* drumloop.wav */,
			);
			path = ReverbUI;
			sourceTree = "<group>";
		};
		E43CC7D11CD52D11007C4D6A /* ReverbUITests */ = {
			isa = PBXGroup;
			children = (
				E43CC7D21CD52D11007C4D6A /* ReverbUITests.swift */,
				E43CC7D41CD52D11007C4D6A /* Info.plist */,
			);
			path = ReverbUITests;
			sourceTree = "<group>";
		};
		E43CC7DC1CD52D11007C4D6A /* ReverbUIUITests */ = {
			isa = PBXGroup;
			children = (
				E43CC7DD1CD52D11007C4D6A /* ReverbUIUITests.swift */,
				E43CC7DF1CD52D11007C4D6A /* Info.plist */,
			);
			path = ReverbUIUITests;
			sourceTree = "<group>";
		};
/* End PBXGroup section */

/* Begin PBXNativeTarget section */
		E43CC7B91CD52D10007C4D6A /* ReverbUI */ = {
			isa = PBXNativeTarget;
			buildConfigurationList = E43CC7E21CD52D11007C4D6A /* Build configuration list for PBXNativeTarget "ReverbUI" */;
			buildPhases = (
				E43CC7B61CD52D10007C4D6A /* Sources */,
				E43CC7B71CD52D10007C4D6A /* Frameworks */,
				E43CC7B81CD52D10007C4D6A /* Resources */,
				E43C11FE1CD52D4B004E361A /* Embed Frameworks */,
			);
			buildRules = (
			);
			dependencies = (
			);
			name = ReverbUI;
			productName = ReverbUI;
			productReference = E43CC7BA1CD52D10007C4D6A /* ReverbUI.app */;
			productType = "com.apple.product-type.application";
		};
		E43CC7CD1CD52D11007C4D6A /* ReverbUITests */ = {
			isa = PBXNativeTarget;
			buildConfigurationList = E43CC7E51CD52D11007C4D6A /* Build configuration list for PBXNativeTarget "ReverbUITests" */;
			buildPhases = (
				E43CC7CA1CD52D11007C4D6A /* Sources */,
				E43CC7CB1CD52D11007C4D6A /* Frameworks */,
				E43CC7CC1CD52D11007C4D6A /* Resources */,
			);
			buildRules = (
			);
			dependencies = (
				E43CC7D01CD52D11007C4D6A /* PBXTargetDependency */,
			);
			name = ReverbUITests;
			productName = ReverbUITests;
			productReference = E43CC7CE1CD52D11007C4D6A /* ReverbUITests.xctest */;
			productType = "com.apple.product-type.bundle.unit-test";
		};
		E43CC7D81CD52D11007C4D6A /* ReverbUIUITests */ = {
			isa = PBXNativeTarget;
			buildConfigurationList = E43CC7E81CD52D11007C4D6A /* Build configuration list for PBXNativeTarget "ReverbUIUITests" */;
			buildPhases = (
				E43CC7D51CD52D11007C4D6A /* Sources */,
				E43CC7D61CD52D11007C4D6A /* Frameworks */,
				E43CC7D71CD52D11007C4D6A /* Resources */,
			);
			buildRules = (
			);
			dependencies = (
				E43CC7DB1CD52D11007C4D6A /* PBXTargetDependency */,
			);
			name = ReverbUIUITests;
			productName = ReverbUIUITests;
			productReference = E43CC7D91CD52D11007C4D6A /* ReverbUIUITests.xctest */;
			productType = "com.apple.product-type.bundle.ui-testing";
		};
/* End PBXNativeTarget section */

/* Begin PBXProject section */
		E43CC7B21CD52D10007C4D6A /* Project object */ = {
			isa = PBXProject;
			attributes = {
				LastSwiftUpdateCheck = 0730;
				LastUpgradeCheck = 0730;
				ORGANIZATIONNAME = "Nicholas Arner";
				TargetAttributes = {
					E43CC7B91CD52D10007C4D6A = {
						CreatedOnToolsVersion = 7.3;
					};
					E43CC7CD1CD52D11007C4D6A = {
						CreatedOnToolsVersion = 7.3;
						TestTargetID = E43CC7B91CD52D10007C4D6A;
					};
					E43CC7D81CD52D11007C4D6A = {
						CreatedOnToolsVersion = 7.3;
						TestTargetID = E43CC7B91CD52D10007C4D6A;
					};
				};
			};
			buildConfigurationList = E43CC7B51CD52D10007C4D6A /* Build configuration list for PBXProject "ReverbUI" */;
			compatibilityVersion = "Xcode 3.2";
			developmentRegion = English;
			hasScannedForEncodings = 0;
			knownRegions = (
				en,
				Base,
			);
			mainGroup = E43CC7B11CD52D10007C4D6A;
			productRefGroup = E43CC7BB1CD52D10007C4D6A /* Products */;
			projectDirPath = "";
			projectRoot = "";
			targets = (
				E43CC7B91CD52D10007C4D6A /* ReverbUI */,
				E43CC7CD1CD52D11007C4D6A /* ReverbUITests */,
				E43CC7D81CD52D11007C4D6A /* ReverbUIUITests */,
			);
		};
/* End PBXProject section */

/* Begin PBXResourcesBuildPhase section */
		E43CC7B81CD52D10007C4D6A /* Resources */ = {
			isa = PBXResourcesBuildPhase;
			buildActionMask = 2147483647;
			files = (
				E43CC7C81CD52D10007C4D6A /* LaunchScreen.storyboard in Resources */,
				E43CC7C51CD52D10007C4D6A /* Assets.xcassets in Resources */,
				E43C12001CD52D8E004E361A /* drumloop.wav in Resources */,
				E43CC7C31CD52D10007C4D6A /* Main.storyboard in Resources */,
			);
			runOnlyForDeploymentPostprocessing = 0;
		};
		E43CC7CC1CD52D11007C4D6A /* Resources */ = {
			isa = PBXResourcesBuildPhase;
			buildActionMask = 2147483647;
			files = (
			);
			runOnlyForDeploymentPostprocessing = 0;
		};
		E43CC7D71CD52D11007C4D6A /* Resources */ = {
			isa = PBXResourcesBuildPhase;
			buildActionMask = 2147483647;
			files = (
			);
			runOnlyForDeploymentPostprocessing = 0;
		};
/* End PBXResourcesBuildPhase section */

/* Begin PBXSourcesBuildPhase section */
		E43CC7B61CD52D10007C4D6A /* Sources */ = {
			isa = PBXSourcesBuildPhase;
			buildActionMask = 2147483647;
			files = (
				E43CC7C01CD52D10007C4D6A /* ViewController.swift in Sources */,
				E43C12061CD575B2004E361A /* ReverbAudioPlayer.swift in Sources */,
				E43CC7BE1CD52D10007C4D6A /* AppDelegate.swift in Sources */,
			);
			runOnlyForDeploymentPostprocessing = 0;
		};
		E43CC7CA1CD52D11007C4D6A /* Sources */ = {
			isa = PBXSourcesBuildPhase;
			buildActionMask = 2147483647;
			files = (
				E43CC7D31CD52D11007C4D6A /* ReverbUITests.swift in Sources */,
			);
			runOnlyForDeploymentPostprocessing = 0;
		};
		E43CC7D51CD52D11007C4D6A /* Sources */ = {
			isa = PBXSourcesBuildPhase;
			buildActionMask = 2147483647;
			files = (
				E43CC7DE1CD52D11007C4D6A /* ReverbUIUITests.swift in Sources */,
			);
			runOnlyForDeploymentPostprocessing = 0;
		};
/* End PBXSourcesBuildPhase section */

/* Begin PBXTargetDependency section */
		E43CC7D01CD52D11007C4D6A /* PBXTargetDependency */ = {
			isa = PBXTargetDependency;
			target = E43CC7B91CD52D10007C4D6A /* ReverbUI */;
			targetProxy = E43CC7CF1CD52D11007C4D6A /* PBXContainerItemProxy */;
		};
		E43CC7DB1CD52D11007C4D6A /* PBXTargetDependency */ = {
			isa = PBXTargetDependency;
			target = E43CC7B91CD52D10007C4D6A /* ReverbUI */;
			targetProxy = E43CC7DA1CD52D11007C4D6A /* PBXContainerItemProxy */;
		};
/* End PBXTargetDependency section */

/* Begin PBXVariantGroup section */
		E43CC7C11CD52D10007C4D6A /* Main.storyboard */ = {
			isa = PBXVariantGroup;
			children = (
				E43CC7C21CD52D10007C4D6A /* Base */,
			);
			name = Main.storyboard;
			sourceTree = "<group>";
		};
		E43CC7C61CD52D10007C4D6A /* LaunchScreen.storyboard */ = {
			isa = PBXVariantGroup;
			children = (
				E43CC7C71CD52D10007C4D6A /* Base */,
			);
			name = LaunchScreen.storyboard;
			sourceTree = "<group>";
		};
/* End PBXVariantGroup section */

/* Begin XCBuildConfiguration section */
		E43CC7E01CD52D11007C4D6A /* Debug */ = {
			isa = XCBuildConfiguration;
			buildSettings = {
				ALWAYS_SEARCH_USER_PATHS = NO;
				CLANG_ANALYZER_NONNULL = YES;
				CLANG_CXX_LANGUAGE_STANDARD = "gnu++0x";
				CLANG_CXX_LIBRARY = "libc++";
				CLANG_ENABLE_MODULES = YES;
				CLANG_ENABLE_OBJC_ARC = YES;
				CLANG_WARN_BOOL_CONVERSION = YES;
				CLANG_WARN_CONSTANT_CONVERSION = YES;
				CLANG_WARN_DIRECT_OBJC_ISA_USAGE = YES_ERROR;
				CLANG_WARN_EMPTY_BODY = YES;
				CLANG_WARN_ENUM_CONVERSION = YES;
				CLANG_WARN_INT_CONVERSION = YES;
				CLANG_WARN_OBJC_ROOT_CLASS = YES_ERROR;
				CLANG_WARN_UNREACHABLE_CODE = YES;
				CLANG_WARN__DUPLICATE_METHOD_MATCH = YES;
				"CODE_SIGN_IDENTITY[sdk=iphoneos*]" = "iPhone Developer";
				COPY_PHASE_STRIP = NO;
				DEBUG_INFORMATION_FORMAT = dwarf;
				ENABLE_STRICT_OBJC_MSGSEND = YES;
				ENABLE_TESTABILITY = YES;
				GCC_C_LANGUAGE_STANDARD = gnu99;
				GCC_DYNAMIC_NO_PIC = NO;
				GCC_NO_COMMON_BLOCKS = YES;
				GCC_OPTIMIZATION_LEVEL = 0;
				GCC_PREPROCESSOR_DEFINITIONS = (
					"DEBUG=1",
					"$(inherited)",
				);
				GCC_WARN_64_TO_32_BIT_CONVERSION = YES;
				GCC_WARN_ABOUT_RETURN_TYPE = YES_ERROR;
				GCC_WARN_UNDECLARED_SELECTOR = YES;
				GCC_WARN_UNINITIALIZED_AUTOS = YES_AGGRESSIVE;
				GCC_WARN_UNUSED_FUNCTION = YES;
				GCC_WARN_UNUSED_VARIABLE = YES;
				IPHONEOS_DEPLOYMENT_TARGET = 9.3;
				MTL_ENABLE_DEBUG_INFO = YES;
				ONLY_ACTIVE_ARCH = YES;
				SDKROOT = iphoneos;
				SWIFT_OPTIMIZATION_LEVEL = "-Onone";
				TARGETED_DEVICE_FAMILY = "1,2";
			};
			name = Debug;
		};
		E43CC7E11CD52D11007C4D6A /* Release */ = {
			isa = XCBuildConfiguration;
			buildSettings = {
				ALWAYS_SEARCH_USER_PATHS = NO;
				CLANG_ANALYZER_NONNULL = YES;
				CLANG_CXX_LANGUAGE_STANDARD = "gnu++0x";
				CLANG_CXX_LIBRARY = "libc++";
				CLANG_ENABLE_MODULES = YES;
				CLANG_ENABLE_OBJC_ARC = YES;
				CLANG_WARN_BOOL_CONVERSION = YES;
				CLANG_WARN_CONSTANT_CONVERSION = YES;
				CLANG_WARN_DIRECT_OBJC_ISA_USAGE = YES_ERROR;
				CLANG_WARN_EMPTY_BODY = YES;
				CLANG_WARN_ENUM_CONVERSION = YES;
				CLANG_WARN_INT_CONVERSION = YES;
				CLANG_WARN_OBJC_ROOT_CLASS = YES_ERROR;
				CLANG_WARN_UNREACHABLE_CODE = YES;
				CLANG_WARN__DUPLICATE_METHOD_MATCH = YES;
				"CODE_SIGN_IDENTITY[sdk=iphoneos*]" = "iPhone Developer";
				COPY_PHASE_STRIP = NO;
				DEBUG_INFORMATION_FORMAT = "dwarf-with-dsym";
				ENABLE_NS_ASSERTIONS = NO;
				ENABLE_STRICT_OBJC_MSGSEND = YES;
				GCC_C_LANGUAGE_STANDARD = gnu99;
				GCC_NO_COMMON_BLOCKS = YES;
				GCC_WARN_64_TO_32_BIT_CONVERSION = YES;
				GCC_WARN_ABOUT_RETURN_TYPE = YES_ERROR;
				GCC_WARN_UNDECLARED_SELECTOR = YES;
				GCC_WARN_UNINITIALIZED_AUTOS = YES_AGGRESSIVE;
				GCC_WARN_UNUSED_FUNCTION = YES;
				GCC_WARN_UNUSED_VARIABLE = YES;
				IPHONEOS_DEPLOYMENT_TARGET = 9.3;
				MTL_ENABLE_DEBUG_INFO = NO;
				SDKROOT = iphoneos;
				TARGETED_DEVICE_FAMILY = "1,2";
				VALIDATE_PRODUCT = YES;
			};
			name = Release;
		};
		E43CC7E31CD52D11007C4D6A /* Debug */ = {
			isa = XCBuildConfiguration;
			buildSettings = {
				ASSETCATALOG_COMPILER_APPICON_NAME = AppIcon;
				FRAMEWORK_SEARCH_PATHS = (
					"$(inherited)",
					"$(PROJECT_DIR)",
				);
				INFOPLIST_FILE = ReverbUI/Info.plist;
				LD_RUNPATH_SEARCH_PATHS = "$(inherited) @executable_path/Frameworks";
				PRODUCT_BUNDLE_IDENTIFIER = nfa.ReverbUI;
				PRODUCT_NAME = "$(TARGET_NAME)";
			};
			name = Debug;
		};
		E43CC7E41CD52D11007C4D6A /* Release */ = {
			isa = XCBuildConfiguration;
			buildSettings = {
				ASSETCATALOG_COMPILER_APPICON_NAME = AppIcon;
				FRAMEWORK_SEARCH_PATHS = (
					"$(inherited)",
					"$(PROJECT_DIR)",
				);
				INFOPLIST_FILE = ReverbUI/Info.plist;
				LD_RUNPATH_SEARCH_PATHS = "$(inherited) @executable_path/Frameworks";
				PRODUCT_BUNDLE_IDENTIFIER = nfa.ReverbUI;
				PRODUCT_NAME = "$(TARGET_NAME)";
			};
			name = Release;
		};
		E43CC7E61CD52D11007C4D6A /* Debug */ = {
			isa = XCBuildConfiguration;
			buildSettings = {
				BUNDLE_LOADER = "$(TEST_HOST)";
				INFOPLIST_FILE = ReverbUITests/Info.plist;
				LD_RUNPATH_SEARCH_PATHS = "$(inherited) @executable_path/Frameworks @loader_path/Frameworks";
				PRODUCT_BUNDLE_IDENTIFIER = nfa.ReverbUITests;
				PRODUCT_NAME = "$(TARGET_NAME)";
				TEST_HOST = "$(BUILT_PRODUCTS_DIR)/ReverbUI.app/ReverbUI";
			};
			name = Debug;
		};
		E43CC7E71CD52D11007C4D6A /* Release */ = {
			isa = XCBuildConfiguration;
			buildSettings = {
				BUNDLE_LOADER = "$(TEST_HOST)";
				INFOPLIST_FILE = ReverbUITests/Info.plist;
				LD_RUNPATH_SEARCH_PATHS = "$(inherited) @executable_path/Frameworks @loader_path/Frameworks";
				PRODUCT_BUNDLE_IDENTIFIER = nfa.ReverbUITests;
				PRODUCT_NAME = "$(TARGET_NAME)";
				TEST_HOST = "$(BUILT_PRODUCTS_DIR)/ReverbUI.app/ReverbUI";
			};
			name = Release;
		};
		E43CC7E91CD52D11007C4D6A /* Debug */ = {
			isa = XCBuildConfiguration;
			buildSettings = {
				INFOPLIST_FILE = ReverbUIUITests/Info.plist;
				LD_RUNPATH_SEARCH_PATHS = "$(inherited) @executable_path/Frameworks @loader_path/Frameworks";
				PRODUCT_BUNDLE_IDENTIFIER = nfa.ReverbUIUITests;
				PRODUCT_NAME = "$(TARGET_NAME)";
				TEST_TARGET_NAME = ReverbUI;
			};
			name = Debug;
		};
		E43CC7EA1CD52D11007C4D6A /* Release */ = {
			isa = XCBuildConfiguration;
			buildSettings = {
				INFOPLIST_FILE = ReverbUIUITests/Info.plist;
				LD_RUNPATH_SEARCH_PATHS = "$(inherited) @executable_path/Frameworks @loader_path/Frameworks";
				PRODUCT_BUNDLE_IDENTIFIER = nfa.ReverbUIUITests;
				PRODUCT_NAME = "$(TARGET_NAME)";
				TEST_TARGET_NAME = ReverbUI;
			};
			name = Release;
		};
/* End XCBuildConfiguration section */

/* Begin XCConfigurationList section */
		E43CC7B51CD52D10007C4D6A /* Build configuration list for PBXProject "ReverbUI" */ = {
			isa = XCConfigurationList;
			buildConfigurations = (
				E43CC7E01CD52D11007C4D6A /* Debug */,
				E43CC7E11CD52D11007C4D6A /* Release */,
			);
			defaultConfigurationIsVisible = 0;
			defaultConfigurationName = Release;
		};
		E43CC7E21CD52D11007C4D6A /* Build configuration list for PBXNativeTarget "ReverbUI" */ = {
			isa = XCConfigurationList;
			buildConfigurations = (
				E43CC7E31CD52D11007C4D6A /* Debug */,
				E43CC7E41CD52D11007C4D6A /* Release */,
			);
			defaultConfigurationIsVisible = 0;
			defaultConfigurationName = Release;
		};
		E43CC7E51CD52D11007C4D6A /* Build configuration list for PBXNativeTarget "ReverbUITests" */ = {
			isa = XCConfigurationList;
			buildConfigurations = (
				E43CC7E61CD52D11007C4D6A /* Debug */,
				E43CC7E71CD52D11007C4D6A /* Release */,
			);
			defaultConfigurationIsVisible = 0;
			defaultConfigurationName = Release;
		};
		E43CC7E81CD52D11007C4D6A /* Build configuration list for PBXNativeTarget "ReverbUIUITests" */ = {
			isa = XCConfigurationList;
			buildConfigurations = (
				E43CC7E91CD52D11007C4D6A /* Debug */,
				E43CC7EA1CD52D11007C4D6A /* Release */,
			);
			defaultConfigurationIsVisible = 0;
			defaultConfigurationName = Release;
		};
/* End XCConfigurationList section */
	};
	rootObject = E43CC7B21CD52D10007C4D6A /* Project object */;
}
